Microsoft Visual Studio Solution File, Format Version 12.00
# Visual Studio Version 16
VisualStudioVersion = 16.0.0.0
MinimumVisualStudioVersion = 16.0.0.0
Project("{9A19103F-16F7-4668-BE54-9A1E7A4F7556}") = "BlazorSignalRApp", "BlazorSignalRApp\BlazorSignalRApp.csproj", "{C539CA5F-2FDE-4F79-9424-C65CD119DD10}"
EndProject
Project("{9A19103F-16F7-4668-BE54-9A1E7A4F7556}") = "BlazorSignalRApp.Client", "BlazorSignalRApp.Client\BlazorSignalRApp.Client.csproj", "{451D3DCE-9E0F-44BB-9F5B-13687B5E25AD}"
EndProject
Global
	GlobalSection(SolutionConfigurationPlatforms) = preSolution
		Debug|Any CPU = Debug|Any CPU
		Debug|x64 = Debug|x64
		Debug|x86 = Debug|x86
		Release|Any CPU = Release|Any CPU
		Release|x64 = Release|x64
		Release|x86 = Release|x86
	EndGlobalSection
	GlobalSection(ProjectConfigurationPlatforms) = postSolution
		{451D3DCE-9E0F-44BB-9F5B-13687B5E25AD}.Debug|Any CPU.ActiveCfg = Debug|Any CPU
		{451D3DCE-9E0F-44BB-9F5B-13687B5E25AD}.Debug|Any CPU.Build.0 = Debug|Any CPU
		{451D3DCE-9E0F-44BB-9F5B-13687B5E25AD}.Debug|x64.ActiveCfg = Debug|Any CPU
		{451D3DCE-9E0F-44BB-9F5B-13687B5E25AD}.Debug|x64.Build.0 = Debug|Any CPU
		{451D3DCE-9E0F-44BB-9F5B-13687B5E25AD}.Debug|x86.ActiveCfg = Debug|Any CPU
		{451D3DCE-9E0F-44BB-9F5B-13687B5E25AD}.Debug|x86.Build.0 = Debug|Any CPU
		{451D3DCE-9E0F-44BB-9F5B-13687B5E25AD}.Release|Any CPU.ActiveCfg = Release|Any CPU
		{451D3DCE-9E0F-44BB-9F5B-13687B5E25AD}.Release|Any CPU.Build.0 = Release|Any CPU
		{451D3DCE-9E0F-44BB-9F5B-13687B5E25AD}.Release|x64.ActiveCfg = Release|Any CPU
		{451D3DCE-9E0F-44BB-9F5B-13687B5E25AD}.Release|x64.Build.0 = Release|Any CPU
		{451D3DCE-9E0F-44BB-9F5B-13687B5E25AD}.Release|x86.ActiveCfg = Release|Any CPU
		{451D3DCE-9E0F-44BB-9F5B-13687B5E25AD}.Release|x86.Build.0 = Release|Any CPU
		{C539CA5F-2FDE-4F79-9424-C65CD119DD10}.Debug|Any CPU.ActiveCfg = Debug|Any CPU
		{C539CA5F-2FDE-4F79-9424-C65CD119DD10}.Debug|Any CPU.Build.0 = Debug|Any CPU
		{C539CA5F-2FDE-4F79-9424-C65CD119DD10}.Debug|x64.ActiveCfg = Debug|Any CPU
		{C539CA5F-2FDE-4F79-9424-C65CD119DD10}.Debug|x64.Build.0 = Debug|Any CPU
		{C539CA5F-2FDE-4F79-9424-C65CD119DD10}.Debug|x86.ActiveCfg = Debug|Any CPU
		{C539CA5F-2FDE-4F79-9424-C65CD119DD10}.Debug|x86.Build.0 = Debug|Any CPU
		{C539CA5F-2FDE-4F79-9424-C65CD119DD10}.Release|Any CPU.ActiveCfg = Release|Any CPU
		{C539CA5F-2FDE-4F79-9424-C65CD119DD10}.Release|Any CPU.Build.0 = Release|Any CPU
		{C539CA5F-2FDE-4F79-9424-C65CD119DD10}.Release|x64.ActiveCfg = Release|Any CPU
		{C539CA5F-2FDE-4F79-9424-C65CD119DD10}.Release|x64.Build.0 = Release|Any CPU
		{C539CA5F-2FDE-4F79-9424-C65CD119DD10}.Release|x86.ActiveCfg = Release|Any CPU
		{C539CA5F-2FDE-4F79-9424-C65CD119DD10}.Release|x86.Build.0 = Release|Any CPU
	EndGlobalSection
	GlobalSection(SolutionProperties) = preSolution
		HideSolutionNode = FALSE
	EndGlobalSection
	GlobalSection(ExtensibilityGlobals) = postSolution
		SolutionGuid = {BB23F8DF-2631-44D2-BB18-11592829A457}
	EndGlobalSection
EndGlobal
